Microsoft Visual Studio Solution File, Format Version 12.00
# Visual Studio Version 17
VisualStudioVersion = 17.5.2.0
MinimumVisualStudioVersion = 10.0.40219.1
Project("{FAE04EC0-301F-11D3-BF4B-00C04F79EFBC}") = "FlightManagerApp", "FlightManagerApp.csproj", "{8791CA94-2E3F-B425-3206-5870C05BBFD8}"
EndProject
Global
	GlobalSection(SolutionConfigurationPlatforms) = preSolution
		Debug|Any CPU = Debug|Any CPU
		Release|Any CPU = Release|Any CPU
	EndGlobalSection
	GlobalSection(ProjectConfigurationPlatforms) = postSolution
		{8791CA94-2E3F-B425-3206-5870C05BBFD8}.Debug|Any CPU.ActiveCfg = Debug|Any CPU
		{8791CA94-2E3F-B425-3206-5870C05BBFD8}.Debug|Any CPU.Build.0 = Debug|Any CPU
		{8791CA94-2E3F-B425-3206-5870C05BBFD8}.Release|Any CPU.ActiveCfg = Release|Any CPU
		{8791CA94-2E3F-B425-3206-5870C05BBFD8}.Release|Any CPU.Build.0 = Release|Any CPU
	EndGlobalSection
	GlobalSection(SolutionProperties) = preSolution
		HideSolutionNode = FALSE
	EndGlobalSection
	GlobalSection(ExtensibilityGlobals) = postSolution
		SolutionGuid = {7DA48451-7D0E-47B1-8749-65D93BF639C9}
	EndGlobalSection
EndGlobal
